github.com/abema/crema v1.2.0 h1:qt7iubOQh4bfLoH7kFufa6br+tVfi5GtN6Q2NeHQwdY=
github.com/abema/crema v1.2.0/go.mod h1:2kfFKrRClqtGA8AEGExyGGcyo8W602YhYUhAwrSY1RU=
golang.org/x/sys v0.48.0 h1:bbX/i/6MgT9BVLM9RT1thmxL04yeTAhbEz4SyadbXoo=
golang.org/x/sys v0.48.0/go.mod h1:hNLxWAXmnKAxqDtdwIYC4bM9oQPEecfsnNMuSxOs3og=
