github.com/abema/crema v1.0.2 h1:vq8fact+LOlTeC77zNSlLME6VFnobvNRt/yasd9b1ZM=
github.com/abema/crema v1.0.2/go.mod h1:2kfFKrRClqtGA8AEGExyGGcyo8W602YhYUhAwrSY1RU=
github.com/abema/crema v1.1.0 h1:zy4CzI9g/KJ8G+h245hzLh9NNEkaEybzcTnYjpptTFs=
github.com/abema/crema v1.1.0/go.mod h1:2kfFKrRClqtGA8AEGExyGGcyo8W602YhYUhAwrSY1RU=
github.com/abema/crema v1.1.1 h1:mGvlyqHiVDtQjS614JVUNYVxNiVcyZvYbj839cDtZEQ=
github.com/abema/crema v1.1.1/go.mod h1:2kfFKrRClqtGA8AEGExyGGcyo8W602YhYUhAwrSY1RU=
github.com/goccy/go-json v0.10.6 h1:p8HrPJzOakx/mn/bQtjgNjdTcN+/S6FcG2CTtQOrHVU=
github.com/goccy/go-json v0.10.6/go.mod h1:oq7eo15ShAhp70Anwd5lgX2pLfOS3QCiwU/PULtXL6M=
