github.com/abema/crema v1.2.0 h1:qt7iubOQh4bfLoH7kFufa6br+tVfi5GtN6Q2NeHQwdY=
github.com/abema/crema v1.2.0/go.mod h1:2kfFKrRClqtGA8AEGExyGGcyo8W602YhYUhAwrSY1RU=
github.com/bradfitz/gomemcache v0.0.0-20250403215159-8d39553ac7cf h1:TqhNAT4zKbTdLa62d2HDBFdvgSbIGB3eJE8HqhgiL9I=
github.com/bradfitz/gomemcache v0.0.0-20250403215159-8d39553ac7cf/go.mod h1:r5xuitiExdLAJ09PR7vBVENGvp4ZuTBeWTGtxuX3K+c=
